{
    "name": "ZanskarBot",
    "version": "0.1.0",
    "lockfileVersion": 1,
    "requires": true,
    "dependencies": {
        "bignumber.js": {
            "version": "4.0.4",
            "resolved": "https://registry.npmjs.org/bignumber.js/-/bignumber.js-4.0.4.tgz",
            "integrity": "sha512-LDXpJKVzEx2/OqNbG9mXBNvHuiRL4PzHCGfnANHMJ+fv68Ads3exDVJeGDJws+AoNEuca93bU3q+S0woeUaCdg=="
        },
        "bluebird": {
            "version": "3.5.1",
            "resolved": "https://registry.npmjs.org/bluebird/-/bluebird-3.5.1.tgz",
            "integrity": "sha512-MKiLiV+I1AA596t9w1sQJ8jkiSr5+ZKi0WKrYGUn6d1Fx+Ij4tIj+m2WMQSGczs5jZVxV339chE8iwk6F64wjA=="
        },
        "core-util-is": {
            "version": "1.0.2",
            "resolved": "https://registry.npmjs.org/core-util-is/-/core-util-is-1.0.2.tgz",
            "integrity": "sha1-tf1UIgqivFq1eqtxQMlAdUUDwac="
        },
        "easy-mysql-promise": {
            "version": "0.1.2",
            "resolved": "https://registry.npmjs.org/easy-mysql-promise/-/easy-mysql-promise-0.1.2.tgz",
            "integrity": "sha1-iR6REQOFX5jYyoDNag5Lh48d8AA=",
            "requires": {
                "bluebird": "3.5.1",
                "mysql-promise": "3.1.0"
            }
        },
        "fs": {
            "version": "0.0.2",
            "resolved": "https://registry.npmjs.org/fs/-/fs-0.0.2.tgz",
            "integrity": "sha1-4fJE7zkzwbKmS9R5kTYGDQ9ZFPg="
        },
        "fs-readdir-recursive": {
            "version": "1.0.0",
            "resolved": "https://registry.npmjs.org/fs-readdir-recursive/-/fs-readdir-recursive-1.0.0.tgz",
            "integrity": "sha1-jNF0XItPiinIyuw5JHaSG6GV9WA="
        },
        "inherits": {
            "version": "2.0.3",
            "resolved": "https://registry.npmjs.org/inherits/-/inherits-2.0.3.tgz",
            "integrity": "sha1-Yzwsg+PaQqUC9SRmAiSA9CCCYd4="
        },
        "json-bigint": {
            "version": "0.2.3",
            "resolved": "https://registry.npmjs.org/json-bigint/-/json-bigint-0.2.3.tgz",
            "integrity": "sha1-EY1/b/HThlnxn5TPc+ZKdaP5iKg=",
            "requires": {
                "bignumber.js": "4.0.4"
            }
        },
        "mysql": {
            "version": "2.15.0",
            "resolved": "https://registry.npmjs.org/mysql/-/mysql-2.15.0.tgz",
            "integrity": "sha512-C7tjzWtbN5nzkLIV+E8Crnl9bFyc7d3XJcBAvHKEVkjrYjogz3llo22q6s/hw+UcsE4/844pDob9ac+3dVjQSA==",
            "requires": {
                "bignumber.js": "4.0.4",
                "readable-stream": "2.3.3",
                "safe-buffer": "5.1.1",
                "sqlstring": "2.3.0"
            },
            "dependencies": {
                "isarray": {
                    "version": "1.0.0",
                    "resolved": "https://registry.npmjs.org/isarray/-/isarray-1.0.0.tgz",
                    "integrity": "sha1-u5NdSFgsuhaMBoNJV6VKPgcSTxE="
                },
                "readable-stream": {
                    "version": "2.3.3",
                    "resolved": "https://registry.npmjs.org/readable-stream/-/readable-stream-2.3.3.tgz",
                    "integrity": "sha512-m+qzzcn7KUxEmd1gMbchF+Y2eIUbieUaxkWtptyHywrX0rE8QEYqPC07Vuy4Wm32/xE16NcdBctb8S0Xe/5IeQ==",
                    "requires": {
                        "core-util-is": "1.0.2",
                        "inherits": "2.0.3",
                        "isarray": "1.0.0",
                        "process-nextick-args": "1.0.7",
                        "safe-buffer": "5.1.1",
                        "string_decoder": "1.0.3",
                        "util-deprecate": "1.0.2"
                    }
                },
                "string_decoder": {
                    "version": "1.0.3",
                    "resolved": "https://registry.npmjs.org/string_decoder/-/string_decoder-1.0.3.tgz",
                    "integrity": "sha512-4AH6Z5fzNNBcH+6XDMfA/BTt87skxqJlO0lAh3Dker5zThcAxG6mKz+iGu308UKoPPQ8Dcqx/4JhujzltRa+hQ==",
                    "requires": {
                        "safe-buffer": "5.1.1"
                    }
                }
            }
        },
        "mysql-promise": {
            "version": "3.1.0",
            "resolved": "https://registry.npmjs.org/mysql-promise/-/mysql-promise-3.1.0.tgz",
            "integrity": "sha1-CytjzGB4fDNLcN5lYZjjjsiXFMk=",
            "requires": {
                "bluebird": "3.5.1",
                "mysql": "2.15.0"
            }
        },
        "node-cron": {
            "version": "1.2.1",
            "resolved": "https://registry.npmjs.org/node-cron/-/node-cron-1.2.1.tgz",
            "integrity": "sha1-jJC8XccjpWKJsHhmVatKHEy2A2g="
        },
        "process-nextick-args": {
            "version": "1.0.7",
            "resolved": "https://registry.npmjs.org/process-nextick-args/-/process-nextick-args-1.0.7.tgz",
            "integrity": "sha1-FQ4gt1ZZCtP5EJPyWk8q2L/zC6M="
        },
        "rivescript": {
            "version": "1.17.2",
            "resolved": "https://registry.npmjs.org/rivescript/-/rivescript-1.17.2.tgz",
            "integrity": "sha1-HkLwIEE76b6KeFRvJkK+iWWwls4=",
            "requires": {
                "fs-readdir-recursive": "1.0.0",
                "rsvp": "3.6.2"
            }
        },
        "rivescript-nginb-js": {
            "version": "0.2.5",
            "resolved": "https://registry.npmjs.org/rivescript-nginb-js/-/rivescript-nginb-js-0.2.5.tgz",
            "integrity": "sha1-WZI+ObLW+NGxo3eEiN0H9qKSSG8=",
            "requires": {
                "bluebird": "3.5.1",
                "easy-mysql-promise": "0.1.2",
                "fs": "0.0.2",
                "json-bigint": "0.2.3",
                "node-cron": "1.2.1",
                "rivescript": "1.17.2",
                "safe-eval": "0.3.0"
            }
        },
        "rsvp": {
            "version": "3.6.2",
            "resolved": "https://registry.npmjs.org/rsvp/-/rsvp-3.6.2.tgz",
            "integrity": "sha512-OfWGQTb9vnwRjwtA2QwpG2ICclHC3pgXZO5xt8H2EfgDquO0qVdSb5T88L4qJVAEugbS56pAuV4XZM58UX8ulw=="
        },
        "safe-buffer": {
            "version": "5.1.1",
            "resolved": "https://registry.npmjs.org/safe-buffer/-/safe-buffer-5.1.1.tgz",
            "integrity": "sha512-kKvNJn6Mm93gAczWVJg7wH+wGYWNrDHdWvpUmHyEsgCtIwwo3bqPtV4tR5tuPaUhTOo/kvhVwd8XwwOllGYkbg=="
        },
        "safe-eval": {
            "version": "0.3.0",
            "resolved": "https://registry.npmjs.org/safe-eval/-/safe-eval-0.3.0.tgz",
            "integrity": "sha1-Bs4RHuvZwYWrr/AI7A/P/Fxb4Aw="
        },
        "sqlstring": {
            "version": "2.3.0",
            "resolved": "https://registry.npmjs.org/sqlstring/-/sqlstring-2.3.0.tgz",
            "integrity": "sha1-UluKT9Jtb3GqYegipsr5dtMa0qg="
        },
        "util-deprecate": {
            "version": "1.0.2",
            "resolved": "https://registry.npmjs.org/util-deprecate/-/util-deprecate-1.0.2.tgz",
            "integrity": "sha1-RQ1Nyfpw3nMnYvvS1KKJgUGaDM8="
        }
    }
}
